
Microsoft Visual Studio Solution File, Format Version 12.00
# Visual Studio Version 17
VisualStudioVersion = 17.5.33530.505
MinimumVisualStudioVersion = 10.0.40219.1
Project("{2150E333-8FDC-42A3-9474-1A3956D46DE8}") = "Docs", "Docs", "{E9F62024-C628-4E4E-96D3-B800B06CB6CA}"
EndProject
Project("{2150E333-8FDC-42A3-9474-1A3956D46DE8}") = "Src", "Src", "{EA919358-1250-40C0-88DD-35405EA8CD8E}"
EndProject
Project("{2150E333-8FDC-42A3-9474-1A3956D46DE8}") = "Test", "Test", "{A84CABBA-81FE-4D58-8755-72E0A944D6B7}"
EndProject
Project("{2150E333-8FDC-42A3-9474-1A3956D46DE8}") = "Core", "Core", "{D5E365BF-0CE1-4E4B-8330-54CA4F211B13}"
EndProject
Project("{2150E333-8FDC-42A3-9474-1A3956D46DE8}") = "Infrastructure", "Infrastructure", "{FECE94C4-AC8C-49D3-8F7E-C2E602A7C6D3}"
EndProject
Project("{2150E333-8FDC-42A3-9474-1A3956D46DE8}") = "Presentation", "Presentation", "{2062759B-F144-48FC-8524-E06EC75D5C8A}"
EndProject
Project("{2150E333-8FDC-42A3-9474-1A3956D46DE8}") = "Common", "Common", "{31B4DAB7-9E20-4F4B-A674-D2BFD1766D26}"
EndProject
Project("{FAE04EC0-301F-11D3-BF4B-00C04F79EFBC}") = "Nima_Store.Domain", "Nima_Store.Domain\Nima_Store.Domain.csproj", "{6EC96BE0-6554-4C7A-B04E-B4F0B9C634D1}"
EndProject
Project("{FAE04EC0-301F-11D3-BF4B-00C04F79EFBC}") = "Nima_Store.Application", "Nima_Store.Application\Nima_Store.Application.csproj", "{6E7578D0-2DA5-4F80-B21F-83C9487B8D23}"
EndProject
Project("{FAE04EC0-301F-11D3-BF4B-00C04F79EFBC}") = "Nima_Store.Infrastructure", "Nima_Store.Infrastructure\Nima_Store.Infrastructure.csproj", "{0EA56F9A-F2D0-4B80-B723-270528E9165D}"
EndProject
Project("{FAE04EC0-301F-11D3-BF4B-00C04F79EFBC}") = "Nima_Store.Persistence", "Nima_Store.Persistence\Nima_Store.Persistence.csproj", "{66A6090A-C510-4293-9B23-A274CF946BF3}"
EndProject
Project("{FAE04EC0-301F-11D3-BF4B-00C04F79EFBC}") = "Nima_Store.Common", "Nima_Store.Common\Nima_Store.Common.csproj", "{ADCB006F-07F7-4B76-B2E9-085320148165}"
EndProject
Project("{FAE04EC0-301F-11D3-BF4B-00C04F79EFBC}") = "EndPoint.Site", "EndPoint.Site\EndPoint.Site.csproj", "{181E523F-AD6E-403B-9680-82A1EEFF65B2}"
EndProject
Global
	GlobalSection(SolutionConfigurationPlatforms) = preSolution
		Debug|Any CPU = Debug|Any CPU
		Release|Any CPU = Release|Any CPU
	EndGlobalSection
	GlobalSection(ProjectConfigurationPlatforms) = postSolution
		{6EC96BE0-6554-4C7A-B04E-B4F0B9C634D1}.Debug|Any CPU.ActiveCfg = Debug|Any CPU
		{6EC96BE0-6554-4C7A-B04E-B4F0B9C634D1}.Debug|Any CPU.Build.0 = Debug|Any CPU
		{6EC96BE0-6554-4C7A-B04E-B4F0B9C634D1}.Release|Any CPU.ActiveCfg = Release|Any CPU
		{6EC96BE0-6554-4C7A-B04E-B4F0B9C634D1}.Release|Any CPU.Build.0 = Release|Any CPU
		{6E7578D0-2DA5-4F80-B21F-83C9487B8D23}.Debug|Any CPU.ActiveCfg = Debug|Any CPU
		{6E7578D0-2DA5-4F80-B21F-83C9487B8D23}.Debug|Any CPU.Build.0 = Debug|Any CPU
		{6E7578D0-2DA5-4F80-B21F-83C9487B8D23}.Release|Any CPU.ActiveCfg = Release|Any CPU
		{6E7578D0-2DA5-4F80-B21F-83C9487B8D23}.Release|Any CPU.Build.0 = Release|Any CPU
		{0EA56F9A-F2D0-4B80-B723-270528E9165D}.Debug|Any CPU.ActiveCfg = Debug|Any CPU
		{0EA56F9A-F2D0-4B80-B723-270528E9165D}.Debug|Any CPU.Build.0 = Debug|Any CPU
		{0EA56F9A-F2D0-4B80-B723-270528E9165D}.Release|Any CPU.ActiveCfg = Release|Any CPU
		{0EA56F9A-F2D0-4B80-B723-270528E9165D}.Release|Any CPU.Build.0 = Release|Any CPU
		{66A6090A-C510-4293-9B23-A274CF946BF3}.Debug|Any CPU.ActiveCfg = Debug|Any CPU
		{66A6090A-C510-4293-9B23-A274CF946BF3}.Debug|Any CPU.Build.0 = Debug|Any CPU
		{66A6090A-C510-4293-9B23-A274CF946BF3}.Release|Any CPU.ActiveCfg = Release|Any CPU
		{66A6090A-C510-4293-9B23-A274CF946BF3}.Release|Any CPU.Build.0 = Release|Any CPU
		{ADCB006F-07F7-4B76-B2E9-085320148165}.Debug|Any CPU.ActiveCfg = Debug|Any CPU
		{ADCB006F-07F7-4B76-B2E9-085320148165}.Debug|Any CPU.Build.0 = Debug|Any CPU
		{ADCB006F-07F7-4B76-B2E9-085320148165}.Release|Any CPU.ActiveCfg = Release|Any CPU
		{ADCB006F-07F7-4B76-B2E9-085320148165}.Release|Any CPU.Build.0 = Release|Any CPU
		{181E523F-AD6E-403B-9680-82A1EEFF65B2}.Debug|Any CPU.ActiveCfg = Debug|Any CPU
		{181E523F-AD6E-403B-9680-82A1EEFF65B2}.Debug|Any CPU.Build.0 = Debug|Any CPU
		{181E523F-AD6E-403B-9680-82A1EEFF65B2}.Release|Any CPU.ActiveCfg = Release|Any CPU
		{181E523F-AD6E-403B-9680-82A1EEFF65B2}.Release|Any CPU.Build.0 = Release|Any CPU
	EndGlobalSection
	GlobalSection(SolutionProperties) = preSolution
		HideSolutionNode = FALSE
	EndGlobalSection
	GlobalSection(NestedProjects) = preSolution
		{D5E365BF-0CE1-4E4B-8330-54CA4F211B13} = {EA919358-1250-40C0-88DD-35405EA8CD8E}
		{FECE94C4-AC8C-49D3-8F7E-C2E602A7C6D3} = {EA919358-1250-40C0-88DD-35405EA8CD8E}
		{2062759B-F144-48FC-8524-E06EC75D5C8A} = {EA919358-1250-40C0-88DD-35405EA8CD8E}
		{31B4DAB7-9E20-4F4B-A674-D2BFD1766D26} = {EA919358-1250-40C0-88DD-35405EA8CD8E}
		{6EC96BE0-6554-4C7A-B04E-B4F0B9C634D1} = {D5E365BF-0CE1-4E4B-8330-54CA4F211B13}
		{6E7578D0-2DA5-4F80-B21F-83C9487B8D23} = {D5E365BF-0CE1-4E4B-8330-54CA4F211B13}
		{0EA56F9A-F2D0-4B80-B723-270528E9165D} = {FECE94C4-AC8C-49D3-8F7E-C2E602A7C6D3}
		{66A6090A-C510-4293-9B23-A274CF946BF3} = {FECE94C4-AC8C-49D3-8F7E-C2E602A7C6D3}
		{ADCB006F-07F7-4B76-B2E9-085320148165} = {31B4DAB7-9E20-4F4B-A674-D2BFD1766D26}
		{181E523F-AD6E-403B-9680-82A1EEFF65B2} = {2062759B-F144-48FC-8524-E06EC75D5C8A}
	EndGlobalSection
	GlobalSection(ExtensibilityGlobals) = postSolution
		SolutionGuid = {EA480B59-FB36-4CE8-9611-2FDE5A03C328}
	EndGlobalSection
EndGlobal
